
Microsoft Visual Studio Solution File, Format Version 12.00
# Visual Studio Version 16
VisualStudioVersion = 16.0.31729.503
MinimumVisualStudioVersion = 10.0.40219.1
Project("{FAE04EC0-301F-11D3-BF4B-00C04F79EFBC}") = "MenuRecursion", "MenuRecursion\MenuRecursion.csproj", "{2D921FF8-A47C-4E57-8A4E-A0262C19CFB4}"
EndProject
Global
	GlobalSection(SolutionConfigurationPlatforms) = preSolution
		Debug|Any CPU = Debug|Any CPU
		Release|Any CPU = Release|Any CPU
	EndGlobalSection
	GlobalSection(ProjectConfigurationPlatforms) = postSolution
		{2D921FF8-A47C-4E57-8A4E-A0262C19CFB4}.Debug|Any CPU.ActiveCfg = Debug|Any CPU
		{2D921FF8-A47C-4E57-8A4E-A0262C19CFB4}.Debug|Any CPU.Build.0 = Debug|Any CPU
		{2D921FF8-A47C-4E57-8A4E-A0262C19CFB4}.Release|Any CPU.ActiveCfg = Release|Any CPU
		{2D921FF8-A47C-4E57-8A4E-A0262C19CFB4}.Release|Any CPU.Build.0 = Release|Any CPU
	EndGlobalSection
	GlobalSection(SolutionProperties) = preSolution
		HideSolutionNode = FALSE
	EndGlobalSection
	GlobalSection(ExtensibilityGlobals) = postSolution
		SolutionGuid = {E1F9C160-22C7-46F8-962C-5A5C827621A6}
	EndGlobalSection
EndGlobal
